
Microsoft Visual Studio Solution File, Format Version 12.00
# Visual Studio Version 16
VisualStudioVersion = 16.0.31205.134
MinimumVisualStudioVersion = 10.0.40219.1
Project("{8BC9CEB8-8B4A-11D0-8D11-00A0C91BC942}") = "4_배열", "4_배열\4_배열.vcxproj", "{6F3C0FCD-3E53-4C14-975C-F838281BE142}"
EndProject
Global
	GlobalSection(SolutionConfigurationPlatforms) = preSolution
		Debug|x64 = Debug|x64
		Debug|x86 = Debug|x86
		Release|x64 = Release|x64
		Release|x86 = Release|x86
	EndGlobalSection
	GlobalSection(ProjectConfigurationPlatforms) = postSolution
		{6F3C0FCD-3E53-4C14-975C-F838281BE142}.Debug|x64.ActiveCfg = Debug|x64
		{6F3C0FCD-3E53-4C14-975C-F838281BE142}.Debug|x64.Build.0 = Debug|x64
		{6F3C0FCD-3E53-4C14-975C-F838281BE142}.Debug|x86.ActiveCfg = Debug|Win32
		{6F3C0FCD-3E53-4C14-975C-F838281BE142}.Debug|x86.Build.0 = Debug|Win32
		{6F3C0FCD-3E53-4C14-975C-F838281BE142}.Release|x64.ActiveCfg = Release|x64
		{6F3C0FCD-3E53-4C14-975C-F838281BE142}.Release|x64.Build.0 = Release|x64
		{6F3C0FCD-3E53-4C14-975C-F838281BE142}.Release|x86.ActiveCfg = Release|Win32
		{6F3C0FCD-3E53-4C14-975C-F838281BE142}.Release|x86.Build.0 = Release|Win32
	EndGlobalSection
	GlobalSection(SolutionProperties) = preSolution
		HideSolutionNode = FALSE
	EndGlobalSection
	GlobalSection(ExtensibilityGlobals) = postSolution
		SolutionGuid = {E604BB34-C7E0-406F-8100-FA0CDE83357E}
	EndGlobalSection
EndGlobal
