
Microsoft Visual Studio Solution File, Format Version 12.00
# Visual Studio Version 17
VisualStudioVersion = 17.8.34511.84
MinimumVisualStudioVersion = 10.0.40219.1
Project("{8BC9CEB8-8B4A-11D0-8D11-00A0C91BC942}") = "Practice_Chap15(배열-2)", "Practice_Chap15(배열-2)\Practice_Chap15(배열-2).vcxproj", "{6E3BADCF-D874-4D3D-A662-E244C72AB525}"
EndProject
Global
	GlobalSection(SolutionConfigurationPlatforms) = preSolution
		Debug|x64 = Debug|x64
		Debug|x86 = Debug|x86
		Release|x64 = Release|x64
		Release|x86 = Release|x86
	EndGlobalSection
	GlobalSection(ProjectConfigurationPlatforms) = postSolution
		{6E3BADCF-D874-4D3D-A662-E244C72AB525}.Debug|x64.ActiveCfg = Debug|x64
		{6E3BADCF-D874-4D3D-A662-E244C72AB525}.Debug|x64.Build.0 = Debug|x64
		{6E3BADCF-D874-4D3D-A662-E244C72AB525}.Debug|x86.ActiveCfg = Debug|Win32
		{6E3BADCF-D874-4D3D-A662-E244C72AB525}.Debug|x86.Build.0 = Debug|Win32
		{6E3BADCF-D874-4D3D-A662-E244C72AB525}.Release|x64.ActiveCfg = Release|x64
		{6E3BADCF-D874-4D3D-A662-E244C72AB525}.Release|x64.Build.0 = Release|x64
		{6E3BADCF-D874-4D3D-A662-E244C72AB525}.Release|x86.ActiveCfg = Release|Win32
		{6E3BADCF-D874-4D3D-A662-E244C72AB525}.Release|x86.Build.0 = Release|Win32
	EndGlobalSection
	GlobalSection(SolutionProperties) = preSolution
		HideSolutionNode = FALSE
	EndGlobalSection
	GlobalSection(ExtensibilityGlobals) = postSolution
		SolutionGuid = {E8D6BA7D-FC66-4379-81BB-98A6BF682766}
	EndGlobalSection
EndGlobal
