
Microsoft Visual Studio Solution File, Format Version 12.00
# Visual Studio Version 17
VisualStudioVersion = 17.8.34322.80
MinimumVisualStudioVersion = 10.0.40219.1
Project("{8BC9CEB8-8B4A-11D0-8D11-00A0C91BC942}") = "practice_Chapter03(표준입출력함수)", "practice_Chapter03(표준입출력함수)\practice_Chapter03(표준입출력함수).vcxproj", "{B93F8E14-E3BE-4F77-B85E-ADA3F16B3871}"
EndProject
Global
	GlobalSection(SolutionConfigurationPlatforms) = preSolution
		Debug|x64 = Debug|x64
		Debug|x86 = Debug|x86
		Release|x64 = Release|x64
		Release|x86 = Release|x86
	EndGlobalSection
	GlobalSection(ProjectConfigurationPlatforms) = postSolution
		{B93F8E14-E3BE-4F77-B85E-ADA3F16B3871}.Debug|x64.ActiveCfg = Debug|x64
		{B93F8E14-E3BE-4F77-B85E-ADA3F16B3871}.Debug|x64.Build.0 = Debug|x64
		{B93F8E14-E3BE-4F77-B85E-ADA3F16B3871}.Debug|x86.ActiveCfg = Debug|Win32
		{B93F8E14-E3BE-4F77-B85E-ADA3F16B3871}.Debug|x86.Build.0 = Debug|Win32
		{B93F8E14-E3BE-4F77-B85E-ADA3F16B3871}.Release|x64.ActiveCfg = Release|x64
		{B93F8E14-E3BE-4F77-B85E-ADA3F16B3871}.Release|x64.Build.0 = Release|x64
		{B93F8E14-E3BE-4F77-B85E-ADA3F16B3871}.Release|x86.ActiveCfg = Release|Win32
		{B93F8E14-E3BE-4F77-B85E-ADA3F16B3871}.Release|x86.Build.0 = Release|Win32
	EndGlobalSection
	GlobalSection(SolutionProperties) = preSolution
		HideSolutionNode = FALSE
	EndGlobalSection
	GlobalSection(ExtensibilityGlobals) = postSolution
		SolutionGuid = {F4991BD7-43D0-4085-BEF7-3953B8ECDD47}
	EndGlobalSection
EndGlobal
